// !$*UTF8*$!
{
	archiveVersion = 1;
	classes = {
	};
	objectVersion = 50;
	objects = {

/* Begin PBXBuildFile section */
		A48DC90023AB7F3A00333C1B /* AppDelegate.swift in Sources */ = {isa = PBXBuildFile; fileRef = A48DC8FF23AB7F3A00333C1B /* AppDelegate.swift */; };
		A48DC90223AB7F3A00333C1B /* SceneDelegate.swift in Sources */ = {isa = PBXBuildFile; fileRef = A48DC90123AB7F3A00333C1B /* SceneDelegate.swift */; };
		A48DC90423AB7F3A00333C1B /* ViewController.swift in Sources */ = {isa = PBXBuildFile; fileRef = A48DC90323AB7F3A00333C1B /* ViewController.swift */; };
		A48DC90723AB7F3A00333C1B /* Main.storyboard in Resources */ = {isa = PBXBuildFile; fileRef = A48DC90523AB7F3A00333C1B /* Main.storyboard */; };
		A48DC90923AB7F3D00333C1B /* Assets.xcassets in Resources */ = {isa = PBXBuildFile; fileRef = A48DC90823AB7F3D00333C1B /* Assets.xcassets */; };
		A48DC90C23AB7F3D00333C1B /* LaunchScreen.storyboard in Resources */ = {isa = PBXBuildFile; fileRef = A48DC90A23AB7F3D00333C1B /* LaunchScreen.storyboard */; };
/* End PBXBuildFile section */

/* Begin PBXFileReference section */
		A48DC8FC23AB7F3A00333C1B /* TestProJ.app */ = {isa = PBXFileReference; explicitFileType = wrapper.application; includeInIndex = 0; path = TestProJ.app; sourceTree = BUILT_PRODUCTS_DIR; };
		A48DC8FF23AB7F3A00333C1B /* AppDelegate.swift */ = {isa = PBXFileReference; lastKnownFileType = sourcecode.swift; path = AppDelegate.swift; sourceTree = "<group>"; };
		A48DC90123AB7F3A00333C1B /* SceneDelegate.swift */ = {isa = PBXFileReference; lastKnownFileType = sourcecode.swift; path = SceneDelegate.swift; sourceTree = "<group>"; };
		A48DC90323AB7F3A00333C1B /* ViewController.swift */ = {isa = PBXFileReference; lastKnownFileType = sourcecode.swift; path = ViewController.swift; sourceTree = "<group>"; };
		A48DC90623AB7F3A00333C1B /* Base */ = {isa = PBXFileReference; lastKnownFileType = file.storyboard; name = Base; path = Base.lproj/Main.storyboard; sourceTree = "<group>"; };
		A48DC90823AB7F3D00333C1B /* Assets.xcassets */ = {isa = PBXFileReference; lastKnownFileType = folder.assetcatalog; path = Assets.xcassets; sourceTree = "<group>"; };
		A48DC90B23AB7F3D00333C1B /* Base */ = {isa = PBXFileReference; lastKnownFileType = file.storyboard; name = Base; path = Base.lproj/LaunchScreen.storyboard; sourceTree = "<group>"; };
		A48DC90D23AB7F3D00333C1B /* Info.plist */ = {isa = PBXFileReference; lastKnownFileType = text.plist.xml; path = Info.plist; sourceTree = "<group>"; };
/* End PBXFileReference section */

/* Begin PBXFrameworksBuildPhase section */
		A48DC8F923AB7F3A00333C1B /* Frameworks */ = {
			isa = PBXFrameworksBuildPhase;
			buildActionMask = 2147483647;
			files = (
			);
			runOnlyForDeploymentPostprocessing = 0;
		};
/* End PBXFrameworksBuildPhase section */

/* Begin PBXGroup section */
		A48DC8F323AB7F3A00333C1B = {
			isa = PBXGroup;
			children = (
				A48DC8FE23AB7F3A00333C1B /* TestProJ */,
				A48DC8FD23AB7F3A00333C1B /* Products */,
			);
			sourceTree = "<group>";
		};
		A48DC8FD23AB7F3A00333C1B /* Products */ = {
			isa = PBXGroup;
			children = (
				A48DC8FC23AB7F3A00333C1B /* TestProJ.app */,
			);
			name = Products;
			sourceTree = "<group>";
		};
		A48DC8FE23AB7F3A00333C1B /* TestProJ */ = {
			isa = PBXGroup;
			children = (
				A48DC8FF23AB7F3A00333C1B /* AppDelegate.swift */,
				A48DC90123AB7F3A00333C1B /* SceneDelegate.swift */,
				A48DC90323AB7F3A00333C1B /* ViewController.swift */,
				A48DC90523AB7F3A00333C1B /* Main.storyboard */,
				A48DC90823AB7F3D00333C1B /* Assets.xcassets */,
				A48DC90A23AB7F3D00333C1B /* LaunchScreen.storyboard */,
				A48DC90D23AB7F3D00333C1B /* Info.plist */,
			);
			path = TestProJ;
			sourceTree = "<group>";
		};
/* End PBXGroup section */

/* Begin PBXNativeTarget section */
		A48DC8FB23AB7F3A00333C1B /* TestProJ */ = {
			isa = PBXNativeTarget;
			buildConfigurationList = A48DC91023AB7F3D00333C1B /* Build configuration list for PBXNativeTarget "TestProJ" */;
			buildPhases = (
				A48DC8F823AB7F3A00333C1B /* Sources */,
				A48DC8F923AB7F3A00333C1B /* Frameworks */,
				A48DC8FA23AB7F3A00333C1B /* Resources */,
			);
			buildRules = (
			);
			dependencies = (
			);
			name = TestProJ;
			productName = TestProJ;
			productReference = A48DC8FC23AB7F3A00333C1B /* TestProJ.app */;
			productType = "com.apple.product-type.application";
		};
/* End PBXNativeTarget section */

/* Begin PBXProject section */
		A48DC8F423AB7F3A00333C1B /* Project object */ = {
			isa = PBXProject;
			attributes = {
				LastSwiftUpdateCheck = 1130;
				LastUpgradeCheck = 1130;
				ORGANIZATIONNAME = "Fujii Yuta";
				TargetAttributes = {
					A48DC8FB23AB7F3A00333C1B = {
						CreatedOnToolsVersion = 11.3;
					};
				};
			};
			buildConfigurationList = A48DC8F723AB7F3A00333C1B /* Build configuration list for PBXProject "TestProJ" */;
			compatibilityVersion = "Xcode 9.3";
			developmentRegion = en;
			hasScannedForEncodings = 0;
			knownRegions = (
				en,
				Base,
			);
			mainGroup = A48DC8F323AB7F3A00333C1B;
			productRefGroup = A48DC8FD23AB7F3A00333C1B /* Products */;
			projectDirPath = "";
			projectRoot = "";
			targets = (
				A48DC8FB23AB7F3A00333C1B /* TestProJ */,
			);
		};
/* End PBXProject section */

/* Begin PBXResourcesBuildPhase section */
		A48DC8FA23AB7F3A00333C1B /* Resources */ = {
			isa = PBXResourcesBuildPhase;
			buildActionMask = 2147483647;
			files = (
				A48DC90C23AB7F3D00333C1B /* LaunchScreen.storyboard in Resources */,
				A48DC90923AB7F3D00333C1B /* Assets.xcassets in Resources */,
				A48DC90723AB7F3A00333C1B /* Main.storyboard in Resources */,
			);
			runOnlyForDeploymentPostprocessing = 0;
		};
/* End PBXResourcesBuildPhase section */

/* Begin PBXSourcesBuildPhase section */
		A48DC8F823AB7F3A00333C1B /* Sources */ = {
			isa = PBXSourcesBuildPhase;
			buildActionMask = 2147483647;
			files = (
				A48DC90423AB7F3A00333C1B /* ViewController.swift in Sources */,
				A48DC90023AB7F3A00333C1B /* AppDelegate.swift in Sources */,
				A48DC90223AB7F3A00333C1B /* SceneDelegate.swift in Sources */,
			);
			runOnlyForDeploymentPostprocessing = 0;
		};
/* End PBXSourcesBuildPhase section */

/* Begin PBXVariantGroup section */
		A48DC90523AB7F3A00333C1B /* Main.storyboard */ = {
			isa = PBXVariantGroup;
			children = (
				A48DC90623AB7F3A00333C1B /* Base */,
			);
			name = Main.storyboard;
			sourceTree = "<group>";
		};
		A48DC90A23AB7F3D00333C1B /* LaunchScreen.storyboard */ = {
			isa = PBXVariantGroup;
			children = (
				A48DC90B23AB7F3D00333C1B /* Base */,
			);
			name = LaunchScreen.storyboard;
			sourceTree = "<group>";
		};
/* End PBXVariantGroup section */

/* Begin XCBuildConfiguration section */
		A48DC90E23AB7F3D00333C1B /* Debug */ = {
			isa = XCBuildConfiguration;
			buildSettings = {
				ALWAYS_SEARCH_USER_PATHS = NO;
				CLANG_ANALYZER_NONNULL = YES;
				CLANG_ANALYZER_NUMBER_OBJECT_CONVERSION = YES_AGGRESSIVE;
				CLANG_CXX_LANGUAGE_STANDARD = "gnu++14";
				CLANG_CXX_LIBRARY = "libc++";
				CLANG_ENABLE_MODULES = YES;
				CLANG_ENABLE_OBJC_ARC = YES;
				CLANG_ENABLE_OBJC_WEAK = YES;
				CLANG_WARN_BLOCK_CAPTURE_AUTORELEASING = YES;
				CLANG_WARN_BOOL_CONVERSION = YES;
				CLANG_WARN_COMMA = YES;
				CLANG_WARN_CONSTANT_CONVERSION = YES;
				CLANG_WARN_DEPRECATED_OBJC_IMPLEMENTATIONS = YES;
				CLANG_WARN_DIRECT_OBJC_ISA_USAGE = YES_ERROR;
				CLANG_WARN_DOCUMENTATION_COMMENTS = YES;
				CLANG_WARN_EMPTY_BODY = YES;
				CLANG_WARN_ENUM_CONVERSION = YES;
				CLANG_WARN_INFINITE_RECURSION = YES;
				CLANG_WARN_INT_CONVERSION = YES;
				CLANG_WARN_NON_LITERAL_NULL_CONVERSION = YES;
				CLANG_WARN_OBJC_IMPLICIT_RETAIN_SELF = YES;
				CLANG_WARN_OBJC_LITERAL_CONVERSION = YES;
				CLANG_WARN_OBJC_ROOT_CLASS = YES_ERROR;
				CLANG_WARN_RANGE_LOOP_ANALYSIS = YES;
				CLANG_WARN_STRICT_PROTOTYPES = YES;
				CLANG_WARN_SUSPICIOUS_MOVE = YES;
				CLANG_WARN_UNGUARDED_AVAILABILITY = YES_AGGRESSIVE;
				CLANG_WARN_UNREACHABLE_CODE = YES;
				CLANG_WARN__DUPLICATE_METHOD_MATCH = YES;
				COPY_PHASE_STRIP = NO;
				DEBUG_INFORMATION_FORMAT = dwarf;
				ENABLE_STRICT_OBJC_MSGSEND = YES;
				ENABLE_TESTABILITY = YES;
				GCC_C_LANGUAGE_STANDARD = gnu11;
				GCC_DYNAMIC_NO_PIC = NO;
				GCC_NO_COMMON_BLOCKS = YES;
				GCC_OPTIMIZATION_LEVEL = 0;
				GCC_PREPROCESSOR_DEFINITIONS = (
					"DEBUG=1",
					"$(inherited)",
				);
				GCC_WARN_64_TO_32_BIT_CONVERSION = YES;
				GCC_WARN_ABOUT_RETURN_TYPE = YES_ERROR;
				GCC_WARN_UNDECLARED_SELECTOR = YES;
				GCC_WARN_UNINITIALIZED_AUTOS = YES_AGGRESSIVE;
				GCC_WARN_UNUSED_FUNCTION = YES;
				GCC_WARN_UNUSED_VARIABLE = YES;
				IPHONEOS_DEPLOYMENT_TARGET = 13.2;
				MTL_ENABLE_DEBUG_INFO = INCLUDE_SOURCE;
				MTL_FAST_MATH = YES;
				ONLY_ACTIVE_ARCH = YES;
				SDKROOT = iphoneos;
				SWIFT_ACTIVE_COMPILATION_CONDITIONS = DEBUG;
				SWIFT_OPTIMIZATION_LEVEL = "-Onone";
			};
			name = Debug;
		};
		A48DC90F23AB7F3D00333C1B /* Release */ = {
			isa = XCBuildConfiguration;
			buildSettings = {
				ALWAYS_SEARCH_USER_PATHS = NO;
				CLANG_ANALYZER_NONNULL = YES;
				CLANG_ANALYZER_NUMBER_OBJECT_CONVERSION = YES_AGGRESSIVE;
				CLANG_CXX_LANGUAGE_STANDARD = "gnu++14";
				CLANG_CXX_LIBRARY = "libc++";
				CLANG_ENABLE_MODULES = YES;
				CLANG_ENABLE_OBJC_ARC = YES;
				CLANG_ENABLE_OBJC_WEAK = YES;
				CLANG_WARN_BLOCK_CAPTURE_AUTORELEASING = YES;
				CLANG_WARN_BOOL_CONVERSION = YES;
				CLANG_WARN_COMMA = YES;
				CLANG_WARN_CONSTANT_CONVERSION = YES;
				CLANG_WARN_DEPRECATED_OBJC_IMPLEMENTATIONS = YES;
				CLANG_WARN_DIRECT_OBJC_ISA_USAGE = YES_ERROR;
				CLANG_WARN_DOCUMENTATION_COMMENTS = YES;
				CLANG_WARN_EMPTY_BODY = YES;
				CLANG_WARN_ENUM_CONVERSION = YES;
				CLANG_WARN_INFINITE_RECURSION = YES;
				CLANG_WARN_INT_CONVERSION = YES;
				CLANG_WARN_NON_LITERAL_NULL_CONVERSION = YES;
				CLANG_WARN_OBJC_IMPLICIT_RETAIN_SELF = YES;
				CLANG_WARN_OBJC_LITERAL_CONVERSION = YES;
				CLANG_WARN_OBJC_ROOT_CLASS = YES_ERROR;
				CLANG_WARN_RANGE_LOOP_ANALYSIS = YES;
				CLANG_WARN_STRICT_PROTOTYPES = YES;
				CLANG_WARN_SUSPICIOUS_MOVE = YES;
				CLANG_WARN_UNGUARDED_AVAILABILITY = YES_AGGRESSIVE;
				CLANG_WARN_UNREACHABLE_CODE = YES;
				CLANG_WARN__DUPLICATE_METHOD_MATCH = YES;
				COPY_PHASE_STRIP = NO;
				DEBUG_INFORMATION_FORMAT = "dwarf-with-dsym";
				ENABLE_NS_ASSERTIONS = NO;
				ENABLE_STRICT_OBJC_MSGSEND = YES;
				GCC_C_LANGUAGE_STANDARD = gnu11;
				GCC_NO_COMMON_BLOCKS = YES;
				GCC_WARN_64_TO_32_BIT_CONVERSION = YES;
				GCC_WARN_ABOUT_RETURN_TYPE = YES_ERROR;
				GCC_WARN_UNDECLARED_SELECTOR = YES;
				GCC_WARN_UNINITIALIZED_AUTOS = YES_AGGRESSIVE;
				GCC_WARN_UNUSED_FUNCTION = YES;
				GCC_WARN_UNUSED_VARIABLE = YES;
				IPHONEOS_DEPLOYMENT_TARGET = 13.2;
				MTL_ENABLE_DEBUG_INFO = NO;
				MTL_FAST_MATH = YES;
				SDKROOT = iphoneos;
				SWIFT_COMPILATION_MODE = wholemodule;
				SWIFT_OPTIMIZATION_LEVEL = "-O";
				VALIDATE_PRODUCT = YES;
			};
			name = Release;
		};
		A48DC91123AB7F3D00333C1B /* Debug */ = {
			isa = XCBuildConfiguration;
			buildSettings = {
				ASSETCATALOG_COMPILER_APPICON_NAME = AppIcon;
				CODE_SIGN_STYLE = Automatic;
				INFOPLIST_FILE = TestProJ/Info.plist;
				LD_RUNPATH_SEARCH_PATHS = (
					"$(inherited)",
					"@executable_path/Frameworks",
				);
				PRODUCT_BUNDLE_IDENTIFIER = com.yutaudemy.TestProJ;
				PRODUCT_NAME = "$(TARGET_NAME)";
				SWIFT_VERSION = 5.0;
				TARGETED_DEVICE_FAMILY = "1,2";
			};
			name = Debug;
		};
		A48DC91223AB7F3D00333C1B /* Release */ = {
			isa = XCBuildConfiguration;
			buildSettings = {
				ASSETCATALOG_COMPILER_APPICON_NAME = AppIcon;
				CODE_SIGN_STYLE = Automatic;
				INFOPLIST_FILE = TestProJ/Info.plist;
				LD_RUNPATH_SEARCH_PATHS = (
					"$(inherited)",
					"@executable_path/Frameworks",
				);
				PRODUCT_BUNDLE_IDENTIFIER = com.yutaudemy.TestProJ;
				PRODUCT_NAME = "$(TARGET_NAME)";
				SWIFT_VERSION = 5.0;
				TARGETED_DEVICE_FAMILY = "1,2";
			};
			name = Release;
		};
/* End XCBuildConfiguration section */

/* Begin XCConfigurationList section */
		A48DC8F723AB7F3A00333C1B /* Build configuration list for PBXProject "TestProJ" */ = {
			isa = XCConfigurationList;
			buildConfigurations = (
				A48DC90E23AB7F3D00333C1B /* Debug */,
				A48DC90F23AB7F3D00333C1B /* Release */,
			);
			defaultConfigurationIsVisible = 0;
			defaultConfigurationName = Release;
		};
		A48DC91023AB7F3D00333C1B /* Build configuration list for PBXNativeTarget "TestProJ" */ = {
			isa = XCConfigurationList;
			buildConfigurations = (
				A48DC91123AB7F3D00333C1B /* Debug */,
				A48DC91223AB7F3D00333C1B /* Release */,
			);
			defaultConfigurationIsVisible = 0;
			defaultConfigurationName = Release;
		};
/* End XCConfigurationList section */
	};
	rootObject = A48DC8F423AB7F3A00333C1B /* Project object */;
}
